
Microsoft Visual Studio Solution File, Format Version 12.00
Project("{FAE04EC0-301F-11D3-BF4B-00C04F79EFBC}") = "Recipes.WebApi", "Recipes.WebApi\Recipes.WebApi.csproj", "{A741C066-DCD1-45B8-BB2D-DDA330C37767}"
EndProject
Project("{FAE04EC0-301F-11D3-BF4B-00C04F79EFBC}") = "Recipes.WebApi.IntegrationTests", "Recipes.WebApi.IntegrationTests\Recipes.WebApi.IntegrationTests.csproj", "{53ED1186-A202-4D57-8793-5FB8FCC59936}"
EndProject
Project("{FAE04EC0-301F-11D3-BF4B-00C04F79EFBC}") = "Recipes.Domain", "Recipes.Domain\Recipes.Domain.csproj", "{E6CE1B2F-3BB4-43C7-B2F9-761A201F4BE4}"
EndProject
Project("{FAE04EC0-301F-11D3-BF4B-00C04F79EFBC}") = "Recipes.Infrastructure", "Recipes.Infrastructure\Recipes.Infrastructure.csproj", "{D95831FA-0E2E-4A18-B928-CE5FF65C4A7B}"
EndProject
Project("{FAE04EC0-301F-11D3-BF4B-00C04F79EFBC}") = "Recipes.Application", "Recipes.Application\Recipes.Application.csproj", "{90B0D99A-56F7-48BD-B3F4-1D636C636C3B}"
EndProject
Project("{FAE04EC0-301F-11D3-BF4B-00C04F79EFBC}") = "Recipes.Migrations", "Recipes.Migrations\Recipes.Migrations.csproj", "{B4687916-B895-4D3F-96DD-ACC161B7109E}"
EndProject
Project("{FAE04EC0-301F-11D3-BF4B-00C04F79EFBC}") = "Recipes.Application.UnitTests", "Recipes.Application.UnitTests\Recipes.Application.UnitTests.csproj", "{6AB6C798-7052-4325-9459-9B9FF5CDE4BC}"
EndProject
Global
	GlobalSection(SolutionConfigurationPlatforms) = preSolution
		Debug|Any CPU = Debug|Any CPU
		Release|Any CPU = Release|Any CPU
	EndGlobalSection
	GlobalSection(ProjectConfigurationPlatforms) = postSolution
		{A741C066-DCD1-45B8-BB2D-DDA330C37767}.Debug|Any CPU.ActiveCfg = Debug|Any CPU
		{A741C066-DCD1-45B8-BB2D-DDA330C37767}.Debug|Any CPU.Build.0 = Debug|Any CPU
		{A741C066-DCD1-45B8-BB2D-DDA330C37767}.Release|Any CPU.ActiveCfg = Release|Any CPU
		{A741C066-DCD1-45B8-BB2D-DDA330C37767}.Release|Any CPU.Build.0 = Release|Any CPU
		{53ED1186-A202-4D57-8793-5FB8FCC59936}.Debug|Any CPU.ActiveCfg = Debug|Any CPU
		{53ED1186-A202-4D57-8793-5FB8FCC59936}.Debug|Any CPU.Build.0 = Debug|Any CPU
		{53ED1186-A202-4D57-8793-5FB8FCC59936}.Release|Any CPU.ActiveCfg = Release|Any CPU
		{53ED1186-A202-4D57-8793-5FB8FCC59936}.Release|Any CPU.Build.0 = Release|Any CPU
		{E6CE1B2F-3BB4-43C7-B2F9-761A201F4BE4}.Debug|Any CPU.ActiveCfg = Debug|Any CPU
		{E6CE1B2F-3BB4-43C7-B2F9-761A201F4BE4}.Debug|Any CPU.Build.0 = Debug|Any CPU
		{E6CE1B2F-3BB4-43C7-B2F9-761A201F4BE4}.Release|Any CPU.ActiveCfg = Release|Any CPU
		{E6CE1B2F-3BB4-43C7-B2F9-761A201F4BE4}.Release|Any CPU.Build.0 = Release|Any CPU
		{D95831FA-0E2E-4A18-B928-CE5FF65C4A7B}.Debug|Any CPU.ActiveCfg = Debug|Any CPU
		{D95831FA-0E2E-4A18-B928-CE5FF65C4A7B}.Debug|Any CPU.Build.0 = Debug|Any CPU
		{D95831FA-0E2E-4A18-B928-CE5FF65C4A7B}.Release|Any CPU.ActiveCfg = Release|Any CPU
		{D95831FA-0E2E-4A18-B928-CE5FF65C4A7B}.Release|Any CPU.Build.0 = Release|Any CPU
		{90B0D99A-56F7-48BD-B3F4-1D636C636C3B}.Debug|Any CPU.ActiveCfg = Debug|Any CPU
		{90B0D99A-56F7-48BD-B3F4-1D636C636C3B}.Debug|Any CPU.Build.0 = Debug|Any CPU
		{90B0D99A-56F7-48BD-B3F4-1D636C636C3B}.Release|Any CPU.ActiveCfg = Release|Any CPU
		{90B0D99A-56F7-48BD-B3F4-1D636C636C3B}.Release|Any CPU.Build.0 = Release|Any CPU
		{B4687916-B895-4D3F-96DD-ACC161B7109E}.Debug|Any CPU.ActiveCfg = Debug|Any CPU
		{B4687916-B895-4D3F-96DD-ACC161B7109E}.Debug|Any CPU.Build.0 = Debug|Any CPU
		{B4687916-B895-4D3F-96DD-ACC161B7109E}.Release|Any CPU.ActiveCfg = Release|Any CPU
		{B4687916-B895-4D3F-96DD-ACC161B7109E}.Release|Any CPU.Build.0 = Release|Any CPU
		{6AB6C798-7052-4325-9459-9B9FF5CDE4BC}.Debug|Any CPU.ActiveCfg = Debug|Any CPU
		{6AB6C798-7052-4325-9459-9B9FF5CDE4BC}.Debug|Any CPU.Build.0 = Debug|Any CPU
		{6AB6C798-7052-4325-9459-9B9FF5CDE4BC}.Release|Any CPU.ActiveCfg = Release|Any CPU
		{6AB6C798-7052-4325-9459-9B9FF5CDE4BC}.Release|Any CPU.Build.0 = Release|Any CPU
	EndGlobalSection
EndGlobal
